
Microsoft Visual Studio Solution File, Format Version 12.00
# Visual Studio Version 17
VisualStudioVersion = 17.8.34330.188
MinimumVisualStudioVersion = 10.0.40219.1
Project("{FAE04EC0-301F-11D3-BF4B-00C04F79EFBC}") = "GettingYoungerSwimmersClubRecords", "GettingYoungerSwimmersClubRecords\GettingYoungerSwimmersClubRecords.csproj", "{759378BA-6C7B-4867-848C-7F12E0D186C3}"
EndProject
Global
	GlobalSection(SolutionConfigurationPlatforms) = preSolution
		Debug|Any CPU = Debug|Any CPU
		Release|Any CPU = Release|Any CPU
	EndGlobalSection
	GlobalSection(ProjectConfigurationPlatforms) = postSolution
		{759378BA-6C7B-4867-848C-7F12E0D186C3}.Debug|Any CPU.ActiveCfg = Debug|Any CPU
		{759378BA-6C7B-4867-848C-7F12E0D186C3}.Debug|Any CPU.Build.0 = Debug|Any CPU
		{759378BA-6C7B-4867-848C-7F12E0D186C3}.Release|Any CPU.ActiveCfg = Release|Any CPU
		{759378BA-6C7B-4867-848C-7F12E0D186C3}.Release|Any CPU.Build.0 = Release|Any CPU
	EndGlobalSection
	GlobalSection(SolutionProperties) = preSolution
		HideSolutionNode = FALSE
	EndGlobalSection
	GlobalSection(ExtensibilityGlobals) = postSolution
		SolutionGuid = {D615A07D-3EAC-40C5-BA4D-ED854730C83F}
	EndGlobalSection
EndGlobal
